
Microsoft Visual Studio Solution File, Format Version 12.00
# Visual Studio Version 17
VisualStudioVersion = 17.9.34607.119
<LangVersion>9.0</LangVersion>
MinimumVisualStudioVersion = 10.0.40219.1
Project("{FAE04EC0-301F-11D3-BF4B-00C04F79EFBC}") = "Kodlamaio.Project", "Kodlamaio.Project\Kodlamaio.Project.csproj", "{945C8AC2-907F-4140-85F0-FF1F1A0F9079}"
EndProject
Global
	GlobalSection(SolutionConfigurationPlatforms) = preSolution
		Debug|Any CPU = Debug|Any CPU
		Release|Any CPU = Release|Any CPU
	EndGlobalSection
	GlobalSection(ProjectConfigurationPlatforms) = postSolution
		{945C8AC2-907F-4140-85F0-FF1F1A0F9079}.Debug|Any CPU.ActiveCfg = Debug|Any CPU
		{945C8AC2-907F-4140-85F0-FF1F1A0F9079}.Debug|Any CPU.Build.0 = Debug|Any CPU
		{945C8AC2-907F-4140-85F0-FF1F1A0F9079}.Release|Any CPU.ActiveCfg = Release|Any CPU
		{945C8AC2-907F-4140-85F0-FF1F1A0F9079}.Release|Any CPU.Build.0 = Release|Any CPU
	EndGlobalSection
	GlobalSection(SolutionProperties) = preSolution
		HideSolutionNode = FALSE
	EndGlobalSection
	GlobalSection(ExtensibilityGlobals) = postSolution
		SolutionGuid = {2910B4C9-8B7B-4385-ADA9-5CB3486CA431}
	EndGlobalSection
EndGlobal
